
Microsoft Visual Studio Solution File, Format Version 12.00
# Visual Studio Version 17
VisualStudioVersion = 17.0.31903.59
MinimumVisualStudioVersion = 10.0.40219.1
Project("{FAE04EC0-301F-11D3-BF4B-00C04F79EFBC}") = "InventarioFarmacia_Back", "InventarioFarmacia_Back\InventarioFarmacia_Back.csproj", "{ADE25BAC-9D7F-448B-B691-D0473C4A015D}"
EndProject
Project("{FAE04EC0-301F-11D3-BF4B-00C04F79EFBC}") = "InventarioFarmacia_Front", "InventarioFarmacia_Front\InventarioFarmacia_Front.csproj", "{D3EA04ED-3CBF-4859-9C12-E664C87819B4}"
EndProject
Project("{FAE04EC0-301F-11D3-BF4B-00C04F79EFBC}") = "InventarioFarmacia_Shared", "InventarioFarmacia_Shared\InventarioFarmacia_Shared.csproj", "{BEDB2719-C568-017F-3BB8-5919C62A596C}"
EndProject
Project("{FAE04EC0-301F-11D3-BF4B-00C04F79EFBC}") = "InventarioFarmacia_Domain", "InventarioFarmacia_Domain\InventarioFarmacia_Domain.csproj", "{AC613E61-84E8-2415-CCC9-7782FF5439E5}"
EndProject
Global
	GlobalSection(SolutionConfigurationPlatforms) = preSolution
		Debug|Any CPU = Debug|Any CPU
		Debug|x64 = Debug|x64
		Debug|x86 = Debug|x86
		Release|Any CPU = Release|Any CPU
		Release|x64 = Release|x64
		Release|x86 = Release|x86
	EndGlobalSection
	GlobalSection(ProjectConfigurationPlatforms) = postSolution
		{ADE25BAC-9D7F-448B-B691-D0473C4A015D}.Debug|Any CPU.ActiveCfg = Debug|Any CPU
		{ADE25BAC-9D7F-448B-B691-D0473C4A015D}.Debug|Any CPU.Build.0 = Debug|Any CPU
		{ADE25BAC-9D7F-448B-B691-D0473C4A015D}.Debug|x64.ActiveCfg = Debug|Any CPU
		{ADE25BAC-9D7F-448B-B691-D0473C4A015D}.Debug|x64.Build.0 = Debug|Any CPU
		{ADE25BAC-9D7F-448B-B691-D0473C4A015D}.Debug|x86.ActiveCfg = Debug|Any CPU
		{ADE25BAC-9D7F-448B-B691-D0473C4A015D}.Debug|x86.Build.0 = Debug|Any CPU
		{ADE25BAC-9D7F-448B-B691-D0473C4A015D}.Release|Any CPU.ActiveCfg = Release|Any CPU
		{ADE25BAC-9D7F-448B-B691-D0473C4A015D}.Release|Any CPU.Build.0 = Release|Any CPU
		{ADE25BAC-9D7F-448B-B691-D0473C4A015D}.Release|x64.ActiveCfg = Release|Any CPU
		{ADE25BAC-9D7F-448B-B691-D0473C4A015D}.Release|x64.Build.0 = Release|Any CPU
		{ADE25BAC-9D7F-448B-B691-D0473C4A015D}.Release|x86.ActiveCfg = Release|Any CPU
		{ADE25BAC-9D7F-448B-B691-D0473C4A015D}.Release|x86.Build.0 = Release|Any CPU
		{D3EA04ED-3CBF-4859-9C12-E664C87819B4}.Debug|Any CPU.ActiveCfg = Debug|Any CPU
		{D3EA04ED-3CBF-4859-9C12-E664C87819B4}.Debug|Any CPU.Build.0 = Debug|Any CPU
		{D3EA04ED-3CBF-4859-9C12-E664C87819B4}.Debug|x64.ActiveCfg = Debug|Any CPU
		{D3EA04ED-3CBF-4859-9C12-E664C87819B4}.Debug|x64.Build.0 = Debug|Any CPU
		{D3EA04ED-3CBF-4859-9C12-E664C87819B4}.Debug|x86.ActiveCfg = Debug|Any CPU
		{D3EA04ED-3CBF-4859-9C12-E664C87819B4}.Debug|x86.Build.0 = Debug|Any CPU
		{D3EA04ED-3CBF-4859-9C12-E664C87819B4}.Release|Any CPU.ActiveCfg = Release|Any CPU
		{D3EA04ED-3CBF-4859-9C12-E664C87819B4}.Release|Any CPU.Build.0 = Release|Any CPU
		{D3EA04ED-3CBF-4859-9C12-E664C87819B4}.Release|x64.ActiveCfg = Release|Any CPU
		{D3EA04ED-3CBF-4859-9C12-E664C87819B4}.Release|x64.Build.0 = Release|Any CPU
		{D3EA04ED-3CBF-4859-9C12-E664C87819B4}.Release|x86.ActiveCfg = Release|Any CPU
		{D3EA04ED-3CBF-4859-9C12-E664C87819B4}.Release|x86.Build.0 = Release|Any CPU
		{BEDB2719-C568-017F-3BB8-5919C62A596C}.Debug|Any CPU.ActiveCfg = Debug|Any CPU
		{BEDB2719-C568-017F-3BB8-5919C62A596C}.Debug|Any CPU.Build.0 = Debug|Any CPU
		{BEDB2719-C568-017F-3BB8-5919C62A596C}.Debug|x64.ActiveCfg = Debug|Any CPU
		{BEDB2719-C568-017F-3BB8-5919C62A596C}.Debug|x64.Build.0 = Debug|Any CPU
		{BEDB2719-C568-017F-3BB8-5919C62A596C}.Debug|x86.ActiveCfg = Debug|Any CPU
		{BEDB2719-C568-017F-3BB8-5919C62A596C}.Debug|x86.Build.0 = Debug|Any CPU
		{BEDB2719-C568-017F-3BB8-5919C62A596C}.Release|Any CPU.ActiveCfg = Release|Any CPU
		{BEDB2719-C568-017F-3BB8-5919C62A596C}.Release|Any CPU.Build.0 = Release|Any CPU
		{BEDB2719-C568-017F-3BB8-5919C62A596C}.Release|x64.ActiveCfg = Release|Any CPU
		{BEDB2719-C568-017F-3BB8-5919C62A596C}.Release|x64.Build.0 = Release|Any CPU
		{BEDB2719-C568-017F-3BB8-5919C62A596C}.Release|x86.ActiveCfg = Release|Any CPU
		{BEDB2719-C568-017F-3BB8-5919C62A596C}.Release|x86.Build.0 = Release|Any CPU
		{AC613E61-84E8-2415-CCC9-7782FF5439E5}.Debug|Any CPU.ActiveCfg = Debug|Any CPU
		{AC613E61-84E8-2415-CCC9-7782FF5439E5}.Debug|Any CPU.Build.0 = Debug|Any CPU
		{AC613E61-84E8-2415-CCC9-7782FF5439E5}.Debug|x64.ActiveCfg = Debug|Any CPU
		{AC613E61-84E8-2415-CCC9-7782FF5439E5}.Debug|x64.Build.0 = Debug|Any CPU
		{AC613E61-84E8-2415-CCC9-7782FF5439E5}.Debug|x86.ActiveCfg = Debug|Any CPU
		{AC613E61-84E8-2415-CCC9-7782FF5439E5}.Debug|x86.Build.0 = Debug|Any CPU
		{AC613E61-84E8-2415-CCC9-7782FF5439E5}.Release|Any CPU.ActiveCfg = Release|Any CPU
		{AC613E61-84E8-2415-CCC9-7782FF5439E5}.Release|Any CPU.Build.0 = Release|Any CPU
		{AC613E61-84E8-2415-CCC9-7782FF5439E5}.Release|x64.ActiveCfg = Release|Any CPU
		{AC613E61-84E8-2415-CCC9-7782FF5439E5}.Release|x64.Build.0 = Release|Any CPU
		{AC613E61-84E8-2415-CCC9-7782FF5439E5}.Release|x86.ActiveCfg = Release|Any CPU
		{AC613E61-84E8-2415-CCC9-7782FF5439E5}.Release|x86.Build.0 = Release|Any CPU
	EndGlobalSection
	GlobalSection(SolutionProperties) = preSolution
		HideSolutionNode = FALSE
	EndGlobalSection
EndGlobal
