Microsoft Visual Studio Solution File, Format Version 12.00
# Visual Studio Version 17
VisualStudioVersion = 17.5.2.0
MinimumVisualStudioVersion = 10.0.40219.1
Project("{FAE04EC0-301F-11D3-BF4B-00C04F79EFBC}") = "InventarioFarmacia_Front", "InventarioFarmacia_Front.csproj", "{2313BA43-DA3F-6A82-ED37-7E1C5566326E}"
EndProject
Global
	GlobalSection(SolutionConfigurationPlatforms) = preSolution
		Debug|Any CPU = Debug|Any CPU
		Release|Any CPU = Release|Any CPU
	EndGlobalSection
	GlobalSection(ProjectConfigurationPlatforms) = postSolution
		{2313BA43-DA3F-6A82-ED37-7E1C5566326E}.Debug|Any CPU.ActiveCfg = Debug|Any CPU
		{2313BA43-DA3F-6A82-ED37-7E1C5566326E}.Debug|Any CPU.Build.0 = Debug|Any CPU
		{2313BA43-DA3F-6A82-ED37-7E1C5566326E}.Release|Any CPU.ActiveCfg = Release|Any CPU
		{2313BA43-DA3F-6A82-ED37-7E1C5566326E}.Release|Any CPU.Build.0 = Release|Any CPU
	EndGlobalSection
	GlobalSection(SolutionProperties) = preSolution
		HideSolutionNode = FALSE
	EndGlobalSection
	GlobalSection(ExtensibilityGlobals) = postSolution
		SolutionGuid = {786F651B-7015-4056-9428-7D1DAEBBCC15}
	EndGlobalSection
EndGlobal
